
Microsoft Visual Studio Solution File, Format Version 12.00
# Visual Studio Version 16
VisualStudioVersion = 16.0.31729.503
MinimumVisualStudioVersion = 10.0.40219.1
Project("{9A19103F-16F7-4668-BE54-9A1E7A4F7556}") = "FakeXieCheng.API", "FakeXiecheng\FakeXieCheng.API.csproj", "{90C06C5D-B8C0-46DA-BA97-7CAD740612AB}"
EndProject
Global
	GlobalSection(SolutionConfigurationPlatforms) = preSolution
		Debug|Any CPU = Debug|Any CPU
		Release|Any CPU = Release|Any CPU
	EndGlobalSection
	GlobalSection(ProjectConfigurationPlatforms) = postSolution
		{90C06C5D-B8C0-46DA-BA97-7CAD740612AB}.Debug|Any CPU.ActiveCfg = Debug|Any CPU
		{90C06C5D-B8C0-46DA-BA97-7CAD740612AB}.Debug|Any CPU.Build.0 = Debug|Any CPU
		{90C06C5D-B8C0-46DA-BA97-7CAD740612AB}.Release|Any CPU.ActiveCfg = Release|Any CPU
		{90C06C5D-B8C0-46DA-BA97-7CAD740612AB}.Release|Any CPU.Build.0 = Release|Any CPU
	EndGlobalSection
	GlobalSection(SolutionProperties) = preSolution
		HideSolutionNode = FALSE
	EndGlobalSection
	GlobalSection(ExtensibilityGlobals) = postSolution
		SolutionGuid = {2A209A72-9135-400A-891A-1F1216B9CA48}
	EndGlobalSection
EndGlobal
